
Microsoft Visual Studio Solution File, Format Version 12.00
# Visual Studio 14
VisualStudioVersion = 14.0.24720.0
MinimumVisualStudioVersion = 10.0.40219.1
Project("{FAE04EC0-301F-11D3-BF4B-00C04F79EFBC}") = "NumbersFrom1ToN", "NumbersFrom1ToN\NumbersFrom1ToN.csproj", "{C046932C-054D-47C8-9204-EB9C20AE813D}"
EndProject
Project("{FAE04EC0-301F-11D3-BF4B-00C04F79EFBC}") = "NotDivisibleNumbers", "NotDivisibleNumbers\NotDivisibleNumbers.csproj", "{BF596119-5C5E-4B4E-A33F-DDC396BF64AB}"
EndProject
Project("{FAE04EC0-301F-11D3-BF4B-00C04F79EFBC}") = "MMSAOfNNumbers", "MMSAOfNNumbers\MMSAOfNNumbers.csproj", "{62A7483D-B202-4CE7-9EC9-27FAC2D22955}"
EndProject
Project("{FAE04EC0-301F-11D3-BF4B-00C04F79EFBC}") = "PrintADeck", "PrintADeck\PrintADeck.csproj", "{D1753A9A-59BE-4C5B-98E2-E8D2139BE19F}"
EndProject
Project("{FAE04EC0-301F-11D3-BF4B-00C04F79EFBC}") = "Calculate", "Calculate\Calculate.csproj", "{F66C0AD0-92A3-418C-A058-36FDA98E71DA}"
EndProject
Project("{FAE04EC0-301F-11D3-BF4B-00C04F79EFBC}") = "CalculateAgain", "CalculateAgain\CalculateAgain.csproj", "{C4556D61-42B4-47CA-AFE3-5E5123F12FDF}"
EndProject
Project("{FAE04EC0-301F-11D3-BF4B-00C04F79EFBC}") = "Calculate3!", "Calculate3!\Calculate3!.csproj", "{0E7DC4D7-EA1E-443C-87F3-DCFBE6E47EF9}"
EndProject
Project("{FAE04EC0-301F-11D3-BF4B-00C04F79EFBC}") = "CatalanNumbers", "CatalanNumbers\CatalanNumbers.csproj", "{477610B1-9591-4BC2-AE41-334A972A6DAF}"
EndProject
Project("{FAE04EC0-301F-11D3-BF4B-00C04F79EFBC}") = "MatrixOfNumbers", "MatrixOfNumbers\MatrixOfNumbers.csproj", "{8679C423-DD2E-4EDB-9146-134B09FD2BB9}"
EndProject
Project("{FAE04EC0-301F-11D3-BF4B-00C04F79EFBC}") = "OddAndEvenProduct", "OddAndEvenProduct\OddAndEvenProduct.csproj", "{B6A4F00F-7494-4F87-9304-FFC96417F5C5}"
EndProject
Project("{FAE04EC0-301F-11D3-BF4B-00C04F79EFBC}") = "BinaryToDecimal", "BinaryToDecimal\BinaryToDecimal.csproj", "{D26E93AD-3C79-4632-B2D8-26056672AB5E}"
EndProject
Project("{FAE04EC0-301F-11D3-BF4B-00C04F79EFBC}") = "DecimalToBinary", "DecimalToBinary\DecimalToBinary.csproj", "{12728C39-4B83-4812-999C-D9EFF629F795}"
EndProject
Project("{FAE04EC0-301F-11D3-BF4B-00C04F79EFBC}") = "DecimalToHex", "DecimalToHex\DecimalToHex.csproj", "{204DB51F-90A0-4712-B27F-FBAD50766AA2}"
EndProject
Project("{FAE04EC0-301F-11D3-BF4B-00C04F79EFBC}") = "HexToDecimal", "HexToDecimal\HexToDecimal.csproj", "{9FC1D753-72F0-450B-9678-D071A47029E1}"
EndProject
Project("{FAE04EC0-301F-11D3-BF4B-00C04F79EFBC}") = "GCD", "GCD\GCD.csproj", "{485EE29F-F509-42FE-A9DB-5FC6EBE6D971}"
EndProject
Project("{FAE04EC0-301F-11D3-BF4B-00C04F79EFBC}") = "Trailing0InN!", "Trailing0InN!\Trailing0InN!.csproj", "{45FAFF40-9046-4701-8A43-B2D5DCC50930}"
EndProject
Project("{FAE04EC0-301F-11D3-BF4B-00C04F79EFBC}") = "SpiralMatrix", "SpiralMatrix\SpiralMatrix.csproj", "{965F8EED-1F31-4F81-B790-137532BBC6AA}"
EndProject
Global
	GlobalSection(SolutionConfigurationPlatforms) = preSolution
		Debug|Any CPU = Debug|Any CPU
		Release|Any CPU = Release|Any CPU
	EndGlobalSection
	GlobalSection(ProjectConfigurationPlatforms) = postSolution
		{C046932C-054D-47C8-9204-EB9C20AE813D}.Debug|Any CPU.ActiveCfg = Debug|Any CPU
		{C046932C-054D-47C8-9204-EB9C20AE813D}.Debug|Any CPU.Build.0 = Debug|Any CPU
		{C046932C-054D-47C8-9204-EB9C20AE813D}.Release|Any CPU.ActiveCfg = Release|Any CPU
		{C046932C-054D-47C8-9204-EB9C20AE813D}.Release|Any CPU.Build.0 = Release|Any CPU
		{BF596119-5C5E-4B4E-A33F-DDC396BF64AB}.Debug|Any CPU.ActiveCfg = Debug|Any CPU
		{BF596119-5C5E-4B4E-A33F-DDC396BF64AB}.Debug|Any CPU.Build.0 = Debug|Any CPU
		{BF596119-5C5E-4B4E-A33F-DDC396BF64AB}.Release|Any CPU.ActiveCfg = Release|Any CPU
		{BF596119-5C5E-4B4E-A33F-DDC396BF64AB}.Release|Any CPU.Build.0 = Release|Any CPU
		{62A7483D-B202-4CE7-9EC9-27FAC2D22955}.Debug|Any CPU.ActiveCfg = Debug|Any CPU
		{62A7483D-B202-4CE7-9EC9-27FAC2D22955}.Debug|Any CPU.Build.0 = Debug|Any CPU
		{62A7483D-B202-4CE7-9EC9-27FAC2D22955}.Release|Any CPU.ActiveCfg = Release|Any CPU
		{62A7483D-B202-4CE7-9EC9-27FAC2D22955}.Release|Any CPU.Build.0 = Release|Any CPU
		{D1753A9A-59BE-4C5B-98E2-E8D2139BE19F}.Debug|Any CPU.ActiveCfg = Debug|Any CPU
		{D1753A9A-59BE-4C5B-98E2-E8D2139BE19F}.Debug|Any CPU.Build.0 = Debug|Any CPU
		{D1753A9A-59BE-4C5B-98E2-E8D2139BE19F}.Release|Any CPU.ActiveCfg = Release|Any CPU
		{D1753A9A-59BE-4C5B-98E2-E8D2139BE19F}.Release|Any CPU.Build.0 = Release|Any CPU
		{F66C0AD0-92A3-418C-A058-36FDA98E71DA}.Debug|Any CPU.ActiveCfg = Debug|Any CPU
		{F66C0AD0-92A3-418C-A058-36FDA98E71DA}.Debug|Any CPU.Build.0 = Debug|Any CPU
		{F66C0AD0-92A3-418C-A058-36FDA98E71DA}.Release|Any CPU.ActiveCfg = Release|Any CPU
		{F66C0AD0-92A3-418C-A058-36FDA98E71DA}.Release|Any CPU.Build.0 = Release|Any CPU
		{C4556D61-42B4-47CA-AFE3-5E5123F12FDF}.Debug|Any CPU.ActiveCfg = Debug|Any CPU
		{C4556D61-42B4-47CA-AFE3-5E5123F12FDF}.Debug|Any CPU.Build.0 = Debug|Any CPU
		{C4556D61-42B4-47CA-AFE3-5E5123F12FDF}.Release|Any CPU.ActiveCfg = Release|Any CPU
		{C4556D61-42B4-47CA-AFE3-5E5123F12FDF}.Release|Any CPU.Build.0 = Release|Any CPU
		{0E7DC4D7-EA1E-443C-87F3-DCFBE6E47EF9}.Debug|Any CPU.ActiveCfg = Debug|Any CPU
		{0E7DC4D7-EA1E-443C-87F3-DCFBE6E47EF9}.Debug|Any CPU.Build.0 = Debug|Any CPU
		{0E7DC4D7-EA1E-443C-87F3-DCFBE6E47EF9}.Release|Any CPU.ActiveCfg = Release|Any CPU
		{0E7DC4D7-EA1E-443C-87F3-DCFBE6E47EF9}.Release|Any CPU.Build.0 = Release|Any CPU
		{477610B1-9591-4BC2-AE41-334A972A6DAF}.Debug|Any CPU.ActiveCfg = Debug|Any CPU
		{477610B1-9591-4BC2-AE41-334A972A6DAF}.Debug|Any CPU.Build.0 = Debug|Any CPU
		{477610B1-9591-4BC2-AE41-334A972A6DAF}.Release|Any CPU.ActiveCfg = Release|Any CPU
		{477610B1-9591-4BC2-AE41-334A972A6DAF}.Release|Any CPU.Build.0 = Release|Any CPU
		{8679C423-DD2E-4EDB-9146-134B09FD2BB9}.Debug|Any CPU.ActiveCfg = Debug|Any CPU
		{8679C423-DD2E-4EDB-9146-134B09FD2BB9}.Debug|Any CPU.Build.0 = Debug|Any CPU
		{8679C423-DD2E-4EDB-9146-134B09FD2BB9}.Release|Any CPU.ActiveCfg = Release|Any CPU
		{8679C423-DD2E-4EDB-9146-134B09FD2BB9}.Release|Any CPU.Build.0 = Release|Any CPU
		{B6A4F00F-7494-4F87-9304-FFC96417F5C5}.Debug|Any CPU.ActiveCfg = Debug|Any CPU
		{B6A4F00F-7494-4F87-9304-FFC96417F5C5}.Debug|Any CPU.Build.0 = Debug|Any CPU
		{B6A4F00F-7494-4F87-9304-FFC96417F5C5}.Release|Any CPU.ActiveCfg = Release|Any CPU
		{B6A4F00F-7494-4F87-9304-FFC96417F5C5}.Release|Any CPU.Build.0 = Release|Any CPU
		{D26E93AD-3C79-4632-B2D8-26056672AB5E}.Debug|Any CPU.ActiveCfg = Debug|Any CPU
		{D26E93AD-3C79-4632-B2D8-26056672AB5E}.Debug|Any CPU.Build.0 = Debug|Any CPU
		{D26E93AD-3C79-4632-B2D8-26056672AB5E}.Release|Any CPU.ActiveCfg = Release|Any CPU
		{D26E93AD-3C79-4632-B2D8-26056672AB5E}.Release|Any CPU.Build.0 = Release|Any CPU
		{12728C39-4B83-4812-999C-D9EFF629F795}.Debug|Any CPU.ActiveCfg = Debug|Any CPU
		{12728C39-4B83-4812-999C-D9EFF629F795}.Debug|Any CPU.Build.0 = Debug|Any CPU
		{12728C39-4B83-4812-999C-D9EFF629F795}.Release|Any CPU.ActiveCfg = Release|Any CPU
		{12728C39-4B83-4812-999C-D9EFF629F795}.Release|Any CPU.Build.0 = Release|Any CPU
		{204DB51F-90A0-4712-B27F-FBAD50766AA2}.Debug|Any CPU.ActiveCfg = Debug|Any CPU
		{204DB51F-90A0-4712-B27F-FBAD50766AA2}.Debug|Any CPU.Build.0 = Debug|Any CPU
		{204DB51F-90A0-4712-B27F-FBAD50766AA2}.Release|Any CPU.ActiveCfg = Release|Any CPU
		{204DB51F-90A0-4712-B27F-FBAD50766AA2}.Release|Any CPU.Build.0 = Release|Any CPU
		{9FC1D753-72F0-450B-9678-D071A47029E1}.Debug|Any CPU.ActiveCfg = Debug|Any CPU
		{9FC1D753-72F0-450B-9678-D071A47029E1}.Debug|Any CPU.Build.0 = Debug|Any CPU
		{9FC1D753-72F0-450B-9678-D071A47029E1}.Release|Any CPU.ActiveCfg = Release|Any CPU
		{9FC1D753-72F0-450B-9678-D071A47029E1}.Release|Any CPU.Build.0 = Release|Any CPU
		{485EE29F-F509-42FE-A9DB-5FC6EBE6D971}.Debug|Any CPU.ActiveCfg = Debug|Any CPU
		{485EE29F-F509-42FE-A9DB-5FC6EBE6D971}.Debug|Any CPU.Build.0 = Debug|Any CPU
		{485EE29F-F509-42FE-A9DB-5FC6EBE6D971}.Release|Any CPU.ActiveCfg = Release|Any CPU
		{485EE29F-F509-42FE-A9DB-5FC6EBE6D971}.Release|Any CPU.Build.0 = Release|Any CPU
		{45FAFF40-9046-4701-8A43-B2D5DCC50930}.Debug|Any CPU.ActiveCfg = Debug|Any CPU
		{45FAFF40-9046-4701-8A43-B2D5DCC50930}.Debug|Any CPU.Build.0 = Debug|Any CPU
		{45FAFF40-9046-4701-8A43-B2D5DCC50930}.Release|Any CPU.ActiveCfg = Release|Any CPU
		{45FAFF40-9046-4701-8A43-B2D5DCC50930}.Release|Any CPU.Build.0 = Release|Any CPU
		{965F8EED-1F31-4F81-B790-137532BBC6AA}.Debug|Any CPU.ActiveCfg = Debug|Any CPU
		{965F8EED-1F31-4F81-B790-137532BBC6AA}.Debug|Any CPU.Build.0 = Debug|Any CPU
		{965F8EED-1F31-4F81-B790-137532BBC6AA}.Release|Any CPU.ActiveCfg = Release|Any CPU
		{965F8EED-1F31-4F81-B790-137532BBC6AA}.Release|Any CPU.Build.0 = Release|Any CPU
	EndGlobalSection
	GlobalSection(SolutionProperties) = preSolution
		HideSolutionNode = FALSE
	EndGlobalSection
EndGlobal
